// !$*UTF8*$!
{
	archiveVersion = 1;
	classes = {
	};
	objectVersion = 54;
	objects = {

/* Begin PBXBuildFile section */
		0C80B921A6F3F58F76C31292 /* libPods-MybridgeWithIOSReactNative.a in Frameworks */ = {isa = PBXBuildFile; fileRef = 5DCACB8F33CDC322A6C60F78 /* libPods-MybridgeWithIOSReactNative.a */; };
		13B07FBF1A68108700A75B9A /* Images.xcassets in Resources */ = {isa = PBXBuildFile; fileRef = 13B07FB51A68108700A75B9A /* Images.xcassets */; };
		1D4B7B412DFAE7F9000BDD65 /* SecureCertificateBridge.swift in Sources */ = {isa = PBXBuildFile; fileRef = 1D4B7B402DFAE7F9000BDD65 /* SecureCertificateBridge.swift */; };
		1D4B7B432DFAE98E000BDD65 /* SecureCertificateBridge.m in Sources */ = {isa = PBXBuildFile; fileRef = 1D4B7B422DFAE98E000BDD65 /* SecureCertificateBridge.m */; };
		1D726B782E02C40F0009FF58 /* WifiConnector.swift in Sources */ = {isa = PBXBuildFile; fileRef = 1D726B772E02C40F0009FF58 /* WifiConnector.swift */; };
		1D726B7A2E02C4470009FF58 /* WifiConnector.m in Sources */ = {isa = PBXBuildFile; fileRef = 1D726B792E02C4470009FF58 /* WifiConnector.m */; };
		1DB4A6A52E095E7D002310E4 /* SecureDownloader.swift in Sources */ = {isa = PBXBuildFile; fileRef = 1DB4A6A42E095E7D002310E4 /* SecureDownloader.swift */; };
		1DB4A6A72E095EA1002310E4 /* SecureDownloader.m in Sources */ = {isa = PBXBuildFile; fileRef = 1DB4A6A62E095EA1002310E4 /* SecureDownloader.m */; };
		1DB4A6AB2E09652A002310E4 /* serverglobalca.pem in Resources */ = {isa = PBXBuildFile; fileRef = 1DB4A6AA2E09652A002310E4 /* serverglobalca.pem */; };
		1DB4A6AD2E0967C8002310E4 /* globalca.pem in Resources */ = {isa = PBXBuildFile; fileRef = 1DB4A6AC2E0967C8002310E4 /* globalca.pem */; };
		1DB4A6AF2E0968B6002310E4 /* globalca.der in Resources */ = {isa = PBXBuildFile; fileRef = 1DB4A6AE2E0968B6002310E4 /* globalca.der */; };
		1DB4A6B12E096D2C002310E4 /* globalcasecond.der in Resources */ = {isa = PBXBuildFile; fileRef = 1DB4A6B02E096D2C002310E4 /* globalcasecond.der */; };
		1DB4A6B32E0970D2002310E4 /* secondserverglobalca.der in Resources */ = {isa = PBXBuildFile; fileRef = 1DB4A6B22E0970D2002310E4 /* secondserverglobalca.der */; };
		1DEE08E52DF729940070B25D /* SecureFileStorage.m in Sources */ = {isa = PBXBuildFile; fileRef = 1DEE08E42DF729940070B25D /* SecureFileStorage.m */; };
		1DEE08E72DF72A0B0070B25D /* SecureFileStorage.swift in Sources */ = {isa = PBXBuildFile; fileRef = 1DEE08E62DF72A0B0070B25D /* SecureFileStorage.swift */; };
		72547F42E6BDD9FA95FAAAEE /* PrivacyInfo.xcprivacy in Resources */ = {isa = PBXBuildFile; fileRef = 13B07FB81A68108700A75B9A /* PrivacyInfo.xcprivacy */; };
		761780ED2CA45674006654EE /* AppDelegate.swift in Sources */ = {isa = PBXBuildFile; fileRef = 761780EC2CA45674006654EE /* AppDelegate.swift */; };
		81AB9BB82411601600AC10FF /* LaunchScreen.storyboard in Resources */ = {isa = PBXBuildFile; fileRef = 81AB9BB72411601600AC10FF /* LaunchScreen.storyboard */; };
/* End PBXBuildFile section */

/* Begin PBXFileReference section */
		13B07F961A680F5B00A75B9A /* MybridgeWithIOSReactNative.app */ = {isa = PBXFileReference; explicitFileType = wrapper.application; includeInIndex = 0; path = MybridgeWithIOSReactNative.app; sourceTree = BUILT_PRODUCTS_DIR; };
		13B07FB51A68108700A75B9A /* Images.xcassets */ = {isa = PBXFileReference; lastKnownFileType = folder.assetcatalog; name = Images.xcassets; path = MybridgeWithIOSReactNative/Images.xcassets; sourceTree = "<group>"; };
		13B07FB61A68108700A75B9A /* Info.plist */ = {isa = PBXFileReference; fileEncoding = 4; lastKnownFileType = text.plist.xml; name = Info.plist; path = MybridgeWithIOSReactNative/Info.plist; sourceTree = "<group>"; };
		13B07FB81A68108700A75B9A /* PrivacyInfo.xcprivacy */ = {isa = PBXFileReference; fileEncoding = 4; lastKnownFileType = text.plist.xml; name = PrivacyInfo.xcprivacy; path = MybridgeWithIOSReactNative/PrivacyInfo.xcprivacy; sourceTree = "<group>"; };
		1D4B7B402DFAE7F9000BDD65 /* SecureCertificateBridge.swift */ = {isa = PBXFileReference; lastKnownFileType = sourcecode.swift; name = SecureCertificateBridge.swift; path = MybridgeWithIOSReactNative/SecureCertificateBridge.swift; sourceTree = "<group>"; };
		1D4B7B422DFAE98E000BDD65 /* SecureCertificateBridge.m */ = {isa = PBXFileReference; lastKnownFileType = sourcecode.c.objc; name = SecureCertificateBridge.m; path = MybridgeWithIOSReactNative/SecureCertificateBridge.m; sourceTree = "<group>"; };
		1D726B762E02ACE20009FF58 /* MybridgeWithIOSReactNative.entitlements */ = {isa = PBXFileReference; lastKnownFileType = text.plist.entitlements; path = MybridgeWithIOSReactNative.entitlements; sourceTree = "<group>"; };
		1D726B772E02C40F0009FF58 /* WifiConnector.swift */ = {isa = PBXFileReference; lastKnownFileType = sourcecode.swift; name = WifiConnector.swift; path = MybridgeWithIOSReactNative/WifiConnector.swift; sourceTree = "<group>"; };
		1D726B792E02C4470009FF58 /* WifiConnector.m */ = {isa = PBXFileReference; lastKnownFileType = sourcecode.c.objc; name = WifiConnector.m; path = MybridgeWithIOSReactNative/WifiConnector.m; sourceTree = "<group>"; };
		1D89948B2E0D40E000F0F38E /* MybridgeWithIOSReactNative.entitlements */ = {isa = PBXFileReference; lastKnownFileType = text.plist.entitlements; name = MybridgeWithIOSReactNative.entitlements; path = MybridgeWithIOSReactNative/MybridgeWithIOSReactNative.entitlements; sourceTree = "<group>"; };
		1DB4A6A42E095E7D002310E4 /* SecureDownloader.swift */ = {isa = PBXFileReference; lastKnownFileType = sourcecode.swift; name = SecureDownloader.swift; path = MybridgeWithIOSReactNative/SecureDownloader.swift; sourceTree = "<group>"; };
		1DB4A6A62E095EA1002310E4 /* SecureDownloader.m */ = {isa = PBXFileReference; lastKnownFileType = sourcecode.c.objc; name = SecureDownloader.m; path = MybridgeWithIOSReactNative/SecureDownloader.m; sourceTree = "<group>"; };
		1DB4A6AA2E09652A002310E4 /* serverglobalca.pem */ = {isa = PBXFileReference; lastKnownFileType = text; path = serverglobalca.pem; sourceTree = "<group>"; };
		1DB4A6AC2E0967C8002310E4 /* globalca.pem */ = {isa = PBXFileReference; lastKnownFileType = text; path = globalca.pem; sourceTree = "<group>"; };
		1DB4A6AE2E0968B6002310E4 /* globalca.der */ = {isa = PBXFileReference; lastKnownFileType = file; path = globalca.der; sourceTree = "<group>"; };
		1DB4A6B02E096D2C002310E4 /* globalcasecond.der */ = {isa = PBXFileReference; lastKnownFileType = file; path = globalcasecond.der; sourceTree = "<group>"; };
		1DB4A6B22E0970D2002310E4 /* secondserverglobalca.der */ = {isa = PBXFileReference; lastKnownFileType = file; path = secondserverglobalca.der; sourceTree = "<group>"; };
		1DEE08E32DF729940070B25D /* MybridgeWithIOSReactNative-Bridging-Header.h */ = {isa = PBXFileReference; lastKnownFileType = sourcecode.c.h; path = "MybridgeWithIOSReactNative-Bridging-Header.h"; sourceTree = "<group>"; };
		1DEE08E42DF729940070B25D /* SecureFileStorage.m */ = {isa = PBXFileReference; lastKnownFileType = sourcecode.c.objc; name = SecureFileStorage.m; path = MybridgeWithIOSReactNative/SecureFileStorage.m; sourceTree = "<group>"; };
		1DEE08E62DF72A0B0070B25D /* SecureFileStorage.swift */ = {isa = PBXFileReference; lastKnownFileType = sourcecode.swift; path = SecureFileStorage.swift; sourceTree = "<group>"; };
		3B4392A12AC88292D35C810B /* Pods-MybridgeWithIOSReactNative.debug.xcconfig */ = {isa = PBXFileReference; includeInIndex = 1; lastKnownFileType = text.xcconfig; name = "Pods-MybridgeWithIOSReactNative.debug.xcconfig"; path = "Target Support Files/Pods-MybridgeWithIOSReactNative/Pods-MybridgeWithIOSReactNative.debug.xcconfig"; sourceTree = "<group>"; };
		5709B34CF0A7D63546082F79 /* Pods-MybridgeWithIOSReactNative.release.xcconfig */ = {isa = PBXFileReference; includeInIndex = 1; lastKnownFileType = text.xcconfig; name = "Pods-MybridgeWithIOSReactNative.release.xcconfig"; path = "Target Support Files/Pods-MybridgeWithIOSReactNative/Pods-MybridgeWithIOSReactNative.release.xcconfig"; sourceTree = "<group>"; };
		5DCACB8F33CDC322A6C60F78 /* libPods-MybridgeWithIOSReactNative.a */ = {isa = PBXFileReference; explicitFileType = archive.ar; includeInIndex = 0; path = "libPods-MybridgeWithIOSReactNative.a"; sourceTree = BUILT_PRODUCTS_DIR; };
		761780EC2CA45674006654EE /* AppDelegate.swift */ = {isa = PBXFileReference; lastKnownFileType = sourcecode.swift; name = AppDelegate.swift; path = MybridgeWithIOSReactNative/AppDelegate.swift; sourceTree = "<group>"; };
		81AB9BB72411601600AC10FF /* LaunchScreen.storyboard */ = {isa = PBXFileReference; fileEncoding = 4; lastKnownFileType = file.storyboard; name = LaunchScreen.storyboard; path = MybridgeWithIOSReactNative/LaunchScreen.storyboard; sourceTree = "<group>"; };
		ED297162215061F000B7C4FE /* JavaScriptCore.framework */ = {isa = PBXFileReference; lastKnownFileType = wrapper.framework; name = JavaScriptCore.framework; path = System/Library/Frameworks/JavaScriptCore.framework; sourceTree = SDKROOT; };
/* End PBXFileReference section */

/* Begin PBXFrameworksBuildPhase section */
		13B07F8C1A680F5B00A75B9A /* Frameworks */ = {
			isa = PBXFrameworksBuildPhase;
			buildActionMask = 2147483647;
			files = (
				0C80B921A6F3F58F76C31292 /* libPods-MybridgeWithIOSReactNative.a in Frameworks */,
			);
			runOnlyForDeploymentPostprocessing = 0;
		};
/* End PBXFrameworksBuildPhase section */

/* Begin PBXGroup section */
		13B07FAE1A68108700A75B9A /* MybridgeWithIOSReactNative */ = {
			isa = PBXGroup;
			children = (
				1D89948B2E0D40E000F0F38E /* MybridgeWithIOSReactNative.entitlements */,
				1DB4A6B22E0970D2002310E4 /* secondserverglobalca.der */,
				1DB4A6B02E096D2C002310E4 /* globalcasecond.der */,
				1DB4A6AE2E0968B6002310E4 /* globalca.der */,
				1DB4A6AC2E0967C8002310E4 /* globalca.pem */,
				1DB4A6AA2E09652A002310E4 /* serverglobalca.pem */,
				13B07FB51A68108700A75B9A /* Images.xcassets */,
				761780EC2CA45674006654EE /* AppDelegate.swift */,
				13B07FB61A68108700A75B9A /* Info.plist */,
				81AB9BB72411601600AC10FF /* LaunchScreen.storyboard */,
				13B07FB81A68108700A75B9A /* PrivacyInfo.xcprivacy */,
				1DEE08E42DF729940070B25D /* SecureFileStorage.m */,
				1DEE08E32DF729940070B25D /* MybridgeWithIOSReactNative-Bridging-Header.h */,
				1DEE08E62DF72A0B0070B25D /* SecureFileStorage.swift */,
				1D4B7B402DFAE7F9000BDD65 /* SecureCertificateBridge.swift */,
				1D4B7B422DFAE98E000BDD65 /* SecureCertificateBridge.m */,
				1D726B762E02ACE20009FF58 /* MybridgeWithIOSReactNative.entitlements */,
				1D726B772E02C40F0009FF58 /* WifiConnector.swift */,
				1D726B792E02C4470009FF58 /* WifiConnector.m */,
				1DB4A6A42E095E7D002310E4 /* SecureDownloader.swift */,
				1DB4A6A62E095EA1002310E4 /* SecureDownloader.m */,
			);
			name = MybridgeWithIOSReactNative;
			sourceTree = "<group>";
		};
		2D16E6871FA4F8E400B85C8A /* Frameworks */ = {
			isa = PBXGroup;
			children = (
				ED297162215061F000B7C4FE /* JavaScriptCore.framework */,
				5DCACB8F33CDC322A6C60F78 /* libPods-MybridgeWithIOSReactNative.a */,
			);
			name = Frameworks;
			sourceTree = "<group>";
		};
		832341AE1AAA6A7D00B99B32 /* Libraries */ = {
			isa = PBXGroup;
			children = (
			);
			name = Libraries;
			sourceTree = "<group>";
		};
		83CBB9F61A601CBA00E9B192 = {
			isa = PBXGroup;
			children = (
				13B07FAE1A68108700A75B9A /* MybridgeWithIOSReactNative */,
				832341AE1AAA6A7D00B99B32 /* Libraries */,
				83CBBA001A601CBA00E9B192 /* Products */,
				2D16E6871FA4F8E400B85C8A /* Frameworks */,
				BBD78D7AC51CEA395F1C20DB /* Pods */,
			);
			indentWidth = 2;
			sourceTree = "<group>";
			tabWidth = 2;
			usesTabs = 0;
		};
		83CBBA001A601CBA00E9B192 /* Products */ = {
			isa = PBXGroup;
			children = (
				13B07F961A680F5B00A75B9A /* MybridgeWithIOSReactNative.app */,
			);
			name = Products;
			sourceTree = "<group>";
		};
		BBD78D7AC51CEA395F1C20DB /* Pods */ = {
			isa = PBXGroup;
			children = (
				3B4392A12AC88292D35C810B /* Pods-MybridgeWithIOSReactNative.debug.xcconfig */,
				5709B34CF0A7D63546082F79 /* Pods-MybridgeWithIOSReactNative.release.xcconfig */,
			);
			path = Pods;
			sourceTree = "<group>";
		};
/* End PBXGroup section */

/* Begin PBXNativeTarget section */
		13B07F861A680F5B00A75B9A /* MybridgeWithIOSReactNative */ = {
			isa = PBXNativeTarget;
			buildConfigurationList = 13B07F931A680F5B00A75B9A /* Build configuration list for PBXNativeTarget "MybridgeWithIOSReactNative" */;
			buildPhases = (
				C38B50BA6285516D6DCD4F65 /* [CP] Check Pods Manifest.lock */,
				13B07F871A680F5B00A75B9A /* Sources */,
				13B07F8C1A680F5B00A75B9A /* Frameworks */,
				13B07F8E1A680F5B00A75B9A /* Resources */,
				00DD1BFF1BD5951E006B06BC /* Bundle React Native code and images */,
				00EEFC60759A1932668264C0 /* [CP] Embed Pods Frameworks */,
				E235C05ADACE081382539298 /* [CP] Copy Pods Resources */,
			);
			buildRules = (
			);
			dependencies = (
			);
			name = MybridgeWithIOSReactNative;
			productName = MybridgeWithIOSReactNative;
			productReference = 13B07F961A680F5B00A75B9A /* MybridgeWithIOSReactNative.app */;
			productType = "com.apple.product-type.application";
		};
/* End PBXNativeTarget section */

/* Begin PBXProject section */
		83CBB9F71A601CBA00E9B192 /* Project object */ = {
			isa = PBXProject;
			attributes = {
				LastUpgradeCheck = 1210;
				TargetAttributes = {
					13B07F861A680F5B00A75B9A = {
						LastSwiftMigration = 1640;
					};
				};
			};
			buildConfigurationList = 83CBB9FA1A601CBA00E9B192 /* Build configuration list for PBXProject "MybridgeWithIOSReactNative" */;
			compatibilityVersion = "Xcode 12.0";
			developmentRegion = en;
			hasScannedForEncodings = 0;
			knownRegions = (
				en,
				Base,
			);
			mainGroup = 83CBB9F61A601CBA00E9B192;
			productRefGroup = 83CBBA001A601CBA00E9B192 /* Products */;
			projectDirPath = "";
			projectRoot = "";
			targets = (
				13B07F861A680F5B00A75B9A /* MybridgeWithIOSReactNative */,
			);
		};
/* End PBXProject section */

/* Begin PBXResourcesBuildPhase section */
		13B07F8E1A680F5B00A75B9A /* Resources */ = {
			isa = PBXResourcesBuildPhase;
			buildActionMask = 2147483647;
			files = (
				1DB4A6B12E096D2C002310E4 /* globalcasecond.der in Resources */,
				1DB4A6B32E0970D2002310E4 /* secondserverglobalca.der in Resources */,
				81AB9BB82411601600AC10FF /* LaunchScreen.storyboard in Resources */,
				13B07FBF1A68108700A75B9A /* Images.xcassets in Resources */,
				1DB4A6AF2E0968B6002310E4 /* globalca.der in Resources */,
				1DB4A6AB2E09652A002310E4 /* serverglobalca.pem in Resources */,
				72547F42E6BDD9FA95FAAAEE /* PrivacyInfo.xcprivacy in Resources */,
				1DB4A6AD2E0967C8002310E4 /* globalca.pem in Resources */,
			);
			runOnlyForDeploymentPostprocessing = 0;
		};
/* End PBXResourcesBuildPhase section */

/* Begin PBXShellScriptBuildPhase section */
		00DD1BFF1BD5951E006B06BC /* Bundle React Native code and images */ = {
			isa = PBXShellScriptBuildPhase;
			buildActionMask = 2147483647;
			files = (
			);
			inputPaths = (
				"$(SRCROOT)/.xcode.env.local",
				"$(SRCROOT)/.xcode.env",
			);
			name = "Bundle React Native code and images";
			outputPaths = (
			);
			runOnlyForDeploymentPostprocessing = 0;
			shellPath = /bin/sh;
			shellScript = "set -e\n\nWITH_ENVIRONMENT=\"$REACT_NATIVE_PATH/scripts/xcode/with-environment.sh\"\nREACT_NATIVE_XCODE=\"$REACT_NATIVE_PATH/scripts/react-native-xcode.sh\"\n\n/bin/sh -c \"$WITH_ENVIRONMENT $REACT_NATIVE_XCODE\"\n";
		};
		00EEFC60759A1932668264C0 /* [CP] Embed Pods Frameworks */ = {
			isa = PBXShellScriptBuildPhase;
			buildActionMask = 2147483647;
			files = (
			);
			inputFileListPaths = (
				"${PODS_ROOT}/Target Support Files/Pods-MybridgeWithIOSReactNative/Pods-MybridgeWithIOSReactNative-frameworks-${CONFIGURATION}-input-files.xcfilelist",
			);
			inputPaths = (
			);
			name = "[CP] Embed Pods Frameworks";
			outputFileListPaths = (
				"${PODS_ROOT}/Target Support Files/Pods-MybridgeWithIOSReactNative/Pods-MybridgeWithIOSReactNative-frameworks-${CONFIGURATION}-output-files.xcfilelist",
			);
			outputPaths = (
			);
			runOnlyForDeploymentPostprocessing = 0;
			shellPath = /bin/sh;
			shellScript = "\"${PODS_ROOT}/Target Support Files/Pods-MybridgeWithIOSReactNative/Pods-MybridgeWithIOSReactNative-frameworks.sh\"\n";
			showEnvVarsInLog = 0;
		};
		C38B50BA6285516D6DCD4F65 /* [CP] Check Pods Manifest.lock */ = {
			isa = PBXShellScriptBuildPhase;
			buildActionMask = 2147483647;
			files = (
			);
			inputFileListPaths = (
			);
			inputPaths = (
				"${PODS_PODFILE_DIR_PATH}/Podfile.lock",
				"${PODS_ROOT}/Manifest.lock",
			);
			name = "[CP] Check Pods Manifest.lock";
			outputFileListPaths = (
			);
			outputPaths = (
				"$(DERIVED_FILE_DIR)/Pods-MybridgeWithIOSReactNative-checkManifestLockResult.txt",
			);
			runOnlyForDeploymentPostprocessing = 0;
			shellPath = /bin/sh;
			shellScript = "diff \"${PODS_PODFILE_DIR_PATH}/Podfile.lock\" \"${PODS_ROOT}/Manifest.lock\" > /dev/null\nif [ $? != 0 ] ; then\n    # print error to STDERR\n    echo \"error: The sandbox is not in sync with the Podfile.lock. Run 'pod install' or update your CocoaPods installation.\" >&2\n    exit 1\nfi\n# This output is used by Xcode 'outputs' to avoid re-running this script phase.\necho \"SUCCESS\" > \"${SCRIPT_OUTPUT_FILE_0}\"\n";
			showEnvVarsInLog = 0;
		};
		E235C05ADACE081382539298 /* [CP] Copy Pods Resources */ = {
			isa = PBXShellScriptBuildPhase;
			buildActionMask = 2147483647;
			files = (
			);
			inputFileListPaths = (
				"${PODS_ROOT}/Target Support Files/Pods-MybridgeWithIOSReactNative/Pods-MybridgeWithIOSReactNative-resources-${CONFIGURATION}-input-files.xcfilelist",
			);
			inputPaths = (
			);
			name = "[CP] Copy Pods Resources";
			outputFileListPaths = (
				"${PODS_ROOT}/Target Support Files/Pods-MybridgeWithIOSReactNative/Pods-MybridgeWithIOSReactNative-resources-${CONFIGURATION}-output-files.xcfilelist",
			);
			outputPaths = (
			);
			runOnlyForDeploymentPostprocessing = 0;
			shellPath = /bin/sh;
			shellScript = "\"${PODS_ROOT}/Target Support Files/Pods-MybridgeWithIOSReactNative/Pods-MybridgeWithIOSReactNative-resources.sh\"\n";
			showEnvVarsInLog = 0;
		};
/* End PBXShellScriptBuildPhase section */

/* Begin PBXSourcesBuildPhase section */
		13B07F871A680F5B00A75B9A /* Sources */ = {
			isa = PBXSourcesBuildPhase;
			buildActionMask = 2147483647;
			files = (
				1DEE08E72DF72A0B0070B25D /* SecureFileStorage.swift in Sources */,
				761780ED2CA45674006654EE /* AppDelegate.swift in Sources */,
				1DEE08E52DF729940070B25D /* SecureFileStorage.m in Sources */,
				1D4B7B432DFAE98E000BDD65 /* SecureCertificateBridge.m in Sources */,
				1D726B782E02C40F0009FF58 /* WifiConnector.swift in Sources */,
				1D726B7A2E02C4470009FF58 /* WifiConnector.m in Sources */,
				1D4B7B412DFAE7F9000BDD65 /* SecureCertificateBridge.swift in Sources */,
				1DB4A6A72E095EA1002310E4 /* SecureDownloader.m in Sources */,
				1DB4A6A52E095E7D002310E4 /* SecureDownloader.swift in Sources */,
			);
			runOnlyForDeploymentPostprocessing = 0;
		};
/* End PBXSourcesBuildPhase section */

/* Begin XCBuildConfiguration section */
		13B07F941A680F5B00A75B9A /* Debug */ = {
			isa = XCBuildConfiguration;
			baseConfigurationReference = 3B4392A12AC88292D35C810B /* Pods-MybridgeWithIOSReactNative.debug.xcconfig */;
			buildSettings = {
				ASSETCATALOG_COMPILER_APPICON_NAME = AppIcon;
				CLANG_ENABLE_MODULES = YES;
				CODE_SIGN_ENTITLEMENTS = MybridgeWithIOSReactNative/MybridgeWithIOSReactNative.entitlements;
				CODE_SIGN_IDENTITY = "Apple Development";
				CODE_SIGN_STYLE = Automatic;
				CURRENT_PROJECT_VERSION = 1;
				DEVELOPMENT_TEAM = 788LFFPK23;
				ENABLE_BITCODE = NO;
				INFOPLIST_FILE = MybridgeWithIOSReactNative/Info.plist;
				IPHONEOS_DEPLOYMENT_TARGET = 15.1;
				LD_RUNPATH_SEARCH_PATHS = (
					"$(inherited)",
					"@executable_path/Frameworks",
				);
				MARKETING_VERSION = 1.0;
				OTHER_LDFLAGS = (
					"$(inherited)",
					"-ObjC",
					"-lc++",
				);
				PRODUCT_BUNDLE_IDENTIFIER = com.safran.iosbridge;
				PRODUCT_NAME = MybridgeWithIOSReactNative;
				PROVISIONING_PROFILE_SPECIFIER = "";
				SWIFT_OBJC_BRIDGING_HEADER = "MybridgeWithIOSReactNative-Bridging-Header.h";
				SWIFT_OPTIMIZATION_LEVEL = "-Onone";
				SWIFT_VERSION = 5.0;
				VERSIONING_SYSTEM = "apple-generic";
			};
			name = Debug;
		};
		13B07F951A680F5B00A75B9A /* Release */ = {
			isa = XCBuildConfiguration;
			baseConfigurationReference = 5709B34CF0A7D63546082F79 /* Pods-MybridgeWithIOSReactNative.release.xcconfig */;
			buildSettings = {
				ASSETCATALOG_COMPILER_APPICON_NAME = AppIcon;
				CLANG_ENABLE_MODULES = YES;
				CODE_SIGN_ENTITLEMENTS = MybridgeWithIOSReactNative/MybridgeWithIOSReactNative.entitlements;
				CODE_SIGN_IDENTITY = "Apple Development";
				CODE_SIGN_STYLE = Automatic;
				CURRENT_PROJECT_VERSION = 1;
				DEVELOPMENT_TEAM = 788LFFPK23;
				INFOPLIST_FILE = MybridgeWithIOSReactNative/Info.plist;
				IPHONEOS_DEPLOYMENT_TARGET = 15.1;
				LD_RUNPATH_SEARCH_PATHS = (
					"$(inherited)",
					"@executable_path/Frameworks",
				);
				MARKETING_VERSION = 1.0;
				OTHER_LDFLAGS = (
					"$(inherited)",
					"-ObjC",
					"-lc++",
				);
				PRODUCT_BUNDLE_IDENTIFIER = com.safran.iosbridge;
				PRODUCT_NAME = MybridgeWithIOSReactNative;
				PROVISIONING_PROFILE_SPECIFIER = "";
				SWIFT_OBJC_BRIDGING_HEADER = "MybridgeWithIOSReactNative-Bridging-Header.h";
				SWIFT_VERSION = 5.0;
				VERSIONING_SYSTEM = "apple-generic";
			};
			name = Release;
		};
		83CBBA201A601CBA00E9B192 /* Debug */ = {
			isa = XCBuildConfiguration;
			buildSettings = {
				ALWAYS_SEARCH_USER_PATHS = NO;
				CLANG_ANALYZER_LOCALIZABILITY_NONLOCALIZED = YES;
				CLANG_CXX_LANGUAGE_STANDARD = "c++20";
				CLANG_CXX_LIBRARY = "libc++";
				CLANG_ENABLE_MODULES = YES;
				CLANG_ENABLE_OBJC_ARC = YES;
				CLANG_WARN_BLOCK_CAPTURE_AUTORELEASING = YES;
				CLANG_WARN_BOOL_CONVERSION = YES;
				CLANG_WARN_COMMA = YES;
				CLANG_WARN_CONSTANT_CONVERSION = YES;
				CLANG_WARN_DEPRECATED_OBJC_IMPLEMENTATIONS = YES;
				CLANG_WARN_DIRECT_OBJC_ISA_USAGE = YES_ERROR;
				CLANG_WARN_EMPTY_BODY = YES;
				CLANG_WARN_ENUM_CONVERSION = YES;
				CLANG_WARN_INFINITE_RECURSION = YES;
				CLANG_WARN_INT_CONVERSION = YES;
				CLANG_WARN_NON_LITERAL_NULL_CONVERSION = YES;
				CLANG_WARN_OBJC_IMPLICIT_RETAIN_SELF = YES;
				CLANG_WARN_OBJC_LITERAL_CONVERSION = YES;
				CLANG_WARN_OBJC_ROOT_CLASS = YES_ERROR;
				CLANG_WARN_QUOTED_INCLUDE_IN_FRAMEWORK_HEADER = YES;
				CLANG_WARN_RANGE_LOOP_ANALYSIS = YES;
				CLANG_WARN_STRICT_PROTOTYPES = YES;
				CLANG_WARN_SUSPICIOUS_MOVE = YES;
				CLANG_WARN_UNREACHABLE_CODE = YES;
				CLANG_WARN__DUPLICATE_METHOD_MATCH = YES;
				"CODE_SIGN_IDENTITY[sdk=iphoneos*]" = "iPhone Developer";
				COPY_PHASE_STRIP = NO;
				ENABLE_STRICT_OBJC_MSGSEND = YES;
				ENABLE_TESTABILITY = YES;
				"EXCLUDED_ARCHS[sdk=iphonesimulator*]" = "";
				GCC_C_LANGUAGE_STANDARD = gnu99;
				GCC_DYNAMIC_NO_PIC = NO;
				GCC_NO_COMMON_BLOCKS = YES;
				GCC_OPTIMIZATION_LEVEL = 0;
				GCC_PREPROCESSOR_DEFINITIONS = (
					"DEBUG=1",
					"$(inherited)",
				);
				GCC_SYMBOLS_PRIVATE_EXTERN = NO;
				GCC_WARN_64_TO_32_BIT_CONVERSION = YES;
				GCC_WARN_ABOUT_RETURN_TYPE = YES_ERROR;
				GCC_WARN_UNDECLARED_SELECTOR = YES;
				GCC_WARN_UNINITIALIZED_AUTOS = YES_AGGRESSIVE;
				GCC_WARN_UNUSED_FUNCTION = YES;
				GCC_WARN_UNUSED_VARIABLE = YES;
				IPHONEOS_DEPLOYMENT_TARGET = 15.1;
				LD_RUNPATH_SEARCH_PATHS = (
					/usr/lib/swift,
					"$(inherited)",
				);
				LIBRARY_SEARCH_PATHS = (
					"\"$(SDKROOT)/usr/lib/swift\"",
					"\"$(TOOLCHAIN_DIR)/usr/lib/swift/$(PLATFORM_NAME)\"",
					"\"$(inherited)\"",
				);
				MTL_ENABLE_DEBUG_INFO = YES;
				ONLY_ACTIVE_ARCH = YES;
				OTHER_CPLUSPLUSFLAGS = (
					"$(OTHER_CFLAGS)",
					"-DFOLLY_NO_CONFIG",
					"-DFOLLY_MOBILE=1",
					"-DFOLLY_USE_LIBCPP=1",
					"-DFOLLY_CFG_NO_COROUTINES=1",
					"-DFOLLY_HAVE_CLOCK_GETTIME=1",
				);
				OTHER_LDFLAGS = "$(inherited)  ";
				REACT_NATIVE_PATH = "${PODS_ROOT}/../../node_modules/react-native";
				SDKROOT = iphoneos;
				SWIFT_ACTIVE_COMPILATION_CONDITIONS = "$(inherited) DEBUG";
				USE_HERMES = true;
			};
			name = Debug;
		};
		83CBBA211A601CBA00E9B192 /* Release */ = {
			isa = XCBuildConfiguration;
			buildSettings = {
				ALWAYS_SEARCH_USER_PATHS = NO;
				CLANG_ANALYZER_LOCALIZABILITY_NONLOCALIZED = YES;
				CLANG_CXX_LANGUAGE_STANDARD = "c++20";
				CLANG_CXX_LIBRARY = "libc++";
				CLANG_ENABLE_MODULES = YES;
				CLANG_ENABLE_OBJC_ARC = YES;
				CLANG_WARN_BLOCK_CAPTURE_AUTORELEASING = YES;
				CLANG_WARN_BOOL_CONVERSION = YES;
				CLANG_WARN_COMMA = YES;
				CLANG_WARN_CONSTANT_CONVERSION = YES;
				CLANG_WARN_DEPRECATED_OBJC_IMPLEMENTATIONS = YES;
				CLANG_WARN_DIRECT_OBJC_ISA_USAGE = YES_ERROR;
				CLANG_WARN_EMPTY_BODY = YES;
				CLANG_WARN_ENUM_CONVERSION = YES;
				CLANG_WARN_INFINITE_RECURSION = YES;
				CLANG_WARN_INT_CONVERSION = YES;
				CLANG_WARN_NON_LITERAL_NULL_CONVERSION = YES;
				CLANG_WARN_OBJC_IMPLICIT_RETAIN_SELF = YES;
				CLANG_WARN_OBJC_LITERAL_CONVERSION = YES;
				CLANG_WARN_OBJC_ROOT_CLASS = YES_ERROR;
				CLANG_WARN_QUOTED_INCLUDE_IN_FRAMEWORK_HEADER = YES;
				CLANG_WARN_RANGE_LOOP_ANALYSIS = YES;
				CLANG_WARN_STRICT_PROTOTYPES = YES;
				CLANG_WARN_SUSPICIOUS_MOVE = YES;
				CLANG_WARN_UNREACHABLE_CODE = YES;
				CLANG_WARN__DUPLICATE_METHOD_MATCH = YES;
				"CODE_SIGN_IDENTITY[sdk=iphoneos*]" = "iPhone Developer";
				COPY_PHASE_STRIP = YES;
				ENABLE_NS_ASSERTIONS = NO;
				ENABLE_STRICT_OBJC_MSGSEND = YES;
				"EXCLUDED_ARCHS[sdk=iphonesimulator*]" = "";
				GCC_C_LANGUAGE_STANDARD = gnu99;
				GCC_NO_COMMON_BLOCKS = YES;
				GCC_WARN_64_TO_32_BIT_CONVERSION = YES;
				GCC_WARN_ABOUT_RETURN_TYPE = YES_ERROR;
				GCC_WARN_UNDECLARED_SELECTOR = YES;
				GCC_WARN_UNINITIALIZED_AUTOS = YES_AGGRESSIVE;
				GCC_WARN_UNUSED_FUNCTION = YES;
				GCC_WARN_UNUSED_VARIABLE = YES;
				IPHONEOS_DEPLOYMENT_TARGET = 15.1;
				LD_RUNPATH_SEARCH_PATHS = (
					/usr/lib/swift,
					"$(inherited)",
				);
				LIBRARY_SEARCH_PATHS = (
					"\"$(SDKROOT)/usr/lib/swift\"",
					"\"$(TOOLCHAIN_DIR)/usr/lib/swift/$(PLATFORM_NAME)\"",
					"\"$(inherited)\"",
				);
				MTL_ENABLE_DEBUG_INFO = NO;
				OTHER_CPLUSPLUSFLAGS = (
					"$(OTHER_CFLAGS)",
					"-DFOLLY_NO_CONFIG",
					"-DFOLLY_MOBILE=1",
					"-DFOLLY_USE_LIBCPP=1",
					"-DFOLLY_CFG_NO_COROUTINES=1",
					"-DFOLLY_HAVE_CLOCK_GETTIME=1",
				);
				OTHER_LDFLAGS = "$(inherited)  ";
				REACT_NATIVE_PATH = "${PODS_ROOT}/../../node_modules/react-native";
				SDKROOT = iphoneos;
				USE_HERMES = true;
				VALIDATE_PRODUCT = YES;
			};
			name = Release;
		};
/* End XCBuildConfiguration section */

/* Begin XCConfigurationList section */
		13B07F931A680F5B00A75B9A /* Build configuration list for PBXNativeTarget "MybridgeWithIOSReactNative" */ = {
			isa = XCConfigurationList;
			buildConfigurations = (
				13B07F941A680F5B00A75B9A /* Debug */,
				13B07F951A680F5B00A75B9A /* Release */,
			);
			defaultConfigurationIsVisible = 0;
			defaultConfigurationName = Release;
		};
		83CBB9FA1A601CBA00E9B192 /* Build configuration list for PBXProject "MybridgeWithIOSReactNative" */ = {
			isa = XCConfigurationList;
			buildConfigurations = (
				83CBBA201A601CBA00E9B192 /* Debug */,
				83CBBA211A601CBA00E9B192 /* Release */,
			);
			defaultConfigurationIsVisible = 0;
			defaultConfigurationName = Release;
		};
/* End XCConfigurationList section */
	};
	rootObject = 83CBB9F71A601CBA00E9B192 /* Project object */;
}
